
Microsoft Visual Studio Solution File, Format Version 12.00
# Visual Studio Version 17
VisualStudioVersion = 17.4.33213.308
MinimumVisualStudioVersion = 10.0.40219.1
Project("{9A19103F-16F7-4668-BE54-9A1E7A4F7556}") = "LeetCode.Problems", "LeetCode\LeetCode.Problems.csproj", "{65D2E0EC-2654-4E41-9D7D-C1D02843813D}"
EndProject
Project("{9A19103F-16F7-4668-BE54-9A1E7A4F7556}") = "LeetCode.Shared", "LeetCode.Shared\LeetCode.Shared.csproj", "{AF2155AE-9E0C-4B50-A04B-E60B598ACF45}"
EndProject
Project("{9A19103F-16F7-4668-BE54-9A1E7A4F7556}") = "LeetCode.Nunit.Tests", "LeetCode.Nunit.Tests\LeetCode.Nunit.Tests.csproj", "{AD00D8BB-4CFB-4423-A61B-0B69916907FA}"
EndProject
Global
	GlobalSection(SolutionConfigurationPlatforms) = preSolution
		Debug|Any CPU = Debug|Any CPU
		Release|Any CPU = Release|Any CPU
	EndGlobalSection
	GlobalSection(ProjectConfigurationPlatforms) = postSolution
		{65D2E0EC-2654-4E41-9D7D-C1D02843813D}.Debug|Any CPU.ActiveCfg = Debug|Any CPU
		{65D2E0EC-2654-4E41-9D7D-C1D02843813D}.Debug|Any CPU.Build.0 = Debug|Any CPU
		{65D2E0EC-2654-4E41-9D7D-C1D02843813D}.Release|Any CPU.ActiveCfg = Release|Any CPU
		{65D2E0EC-2654-4E41-9D7D-C1D02843813D}.Release|Any CPU.Build.0 = Release|Any CPU
		{AF2155AE-9E0C-4B50-A04B-E60B598ACF45}.Debug|Any CPU.ActiveCfg = Debug|Any CPU
		{AF2155AE-9E0C-4B50-A04B-E60B598ACF45}.Debug|Any CPU.Build.0 = Debug|Any CPU
		{AF2155AE-9E0C-4B50-A04B-E60B598ACF45}.Release|Any CPU.ActiveCfg = Release|Any CPU
		{AF2155AE-9E0C-4B50-A04B-E60B598ACF45}.Release|Any CPU.Build.0 = Release|Any CPU
		{AD00D8BB-4CFB-4423-A61B-0B69916907FA}.Debug|Any CPU.ActiveCfg = Debug|Any CPU
		{AD00D8BB-4CFB-4423-A61B-0B69916907FA}.Debug|Any CPU.Build.0 = Debug|Any CPU
		{AD00D8BB-4CFB-4423-A61B-0B69916907FA}.Release|Any CPU.ActiveCfg = Release|Any CPU
		{AD00D8BB-4CFB-4423-A61B-0B69916907FA}.Release|Any CPU.Build.0 = Release|Any CPU
	EndGlobalSection
	GlobalSection(SolutionProperties) = preSolution
		HideSolutionNode = FALSE
	EndGlobalSection
	GlobalSection(ExtensibilityGlobals) = postSolution
		SolutionGuid = {905B8887-EA3D-4B88-810D-FA34BE48FB32}
	EndGlobalSection
EndGlobal
